// !$*UTF8*$!
{
	archiveVersion = 1;
	classes = {
	};
	objectVersion = 50;
	objects = {

/* Begin PBXBuildFile section */
		8847C31025A4357600BE8FAE /* AppDelegate.swift in Sources */ = {isa = PBXBuildFile; fileRef = 8847C30F25A4357600BE8FAE /* AppDelegate.swift */; };
		8847C31225A4357600BE8FAE /* SceneDelegate.swift in Sources */ = {isa = PBXBuildFile; fileRef = 8847C31125A4357600BE8FAE /* SceneDelegate.swift */; };
		8847C31425A4357600BE8FAE /* ViewController.swift in Sources */ = {isa = PBXBuildFile; fileRef = 8847C31325A4357600BE8FAE /* ViewController.swift */; };
		8847C31725A4357600BE8FAE /* Main.storyboard in Resources */ = {isa = PBXBuildFile; fileRef = 8847C31525A4357600BE8FAE /* Main.storyboard */; };
		8847C31925A4357800BE8FAE /* Assets.xcassets in Resources */ = {isa = PBXBuildFile; fileRef = 8847C31825A4357800BE8FAE /* Assets.xcassets */; };
		8847C31C25A4357800BE8FAE /* LaunchScreen.storyboard in Resources */ = {isa = PBXBuildFile; fileRef = 8847C31A25A4357800BE8FAE /* LaunchScreen.storyboard */; };
		8847C32725A4357800BE8FAE /* CoordinatorTestTests.swift in Sources */ = {isa = PBXBuildFile; fileRef = 8847C32625A4357800BE8FAE /* CoordinatorTestTests.swift */; };
		8847C33225A4357800BE8FAE /* CoordinatorTestUITests.swift in Sources */ = {isa = PBXBuildFile; fileRef = 8847C33125A4357800BE8FAE /* CoordinatorTestUITests.swift */; };
		8847C34325A435CC00BE8FAE /* Coordinator.swift in Sources */ = {isa = PBXBuildFile; fileRef = 8847C34225A435CC00BE8FAE /* Coordinator.swift */; };
		8847C34825A435F000BE8FAE /* Storyboarded.swift in Sources */ = {isa = PBXBuildFile; fileRef = 8847C34725A435F000BE8FAE /* Storyboarded.swift */; };
		8847C35E25A437BC00BE8FAE /* MainCoordinator.swift in Sources */ = {isa = PBXBuildFile; fileRef = 8847C35D25A437BC00BE8FAE /* MainCoordinator.swift */; };
		8847C36325A4395100BE8FAE /* BuyViewController.swift in Sources */ = {isa = PBXBuildFile; fileRef = 8847C36225A4395100BE8FAE /* BuyViewController.swift */; };
		8847C36825A4395F00BE8FAE /* CreateAccountViewController.swift in Sources */ = {isa = PBXBuildFile; fileRef = 8847C36725A4395F00BE8FAE /* CreateAccountViewController.swift */; };
/* End PBXBuildFile section */

/* Begin PBXContainerItemProxy section */
		8847C32325A4357800BE8FAE /* PBXContainerItemProxy */ = {
			isa = PBXContainerItemProxy;
			containerPortal = 8847C30425A4357600BE8FAE /* Project object */;
			proxyType = 1;
			remoteGlobalIDString = 8847C30B25A4357600BE8FAE;
			remoteInfo = CoordinatorTest;
		};
		8847C32E25A4357800BE8FAE /* PBXContainerItemProxy */ = {
			isa = PBXContainerItemProxy;
			containerPortal = 8847C30425A4357600BE8FAE /* Project object */;
			proxyType = 1;
			remoteGlobalIDString = 8847C30B25A4357600BE8FAE;
			remoteInfo = CoordinatorTest;
		};
/* End PBXContainerItemProxy section */

/* Begin PBXFileReference section */
		8847C30C25A4357600BE8FAE /* CoordinatorTest.app */ = {isa = PBXFileReference; explicitFileType = wrapper.application; includeInIndex = 0; path = CoordinatorTest.app; sourceTree = BUILT_PRODUCTS_DIR; };
		8847C30F25A4357600BE8FAE /* AppDelegate.swift */ = {isa = PBXFileReference; lastKnownFileType = sourcecode.swift; path = AppDelegate.swift; sourceTree = "<group>"; };
		8847C31125A4357600BE8FAE /* SceneDelegate.swift */ = {isa = PBXFileReference; lastKnownFileType = sourcecode.swift; path = SceneDelegate.swift; sourceTree = "<group>"; };
		8847C31325A4357600BE8FAE /* ViewController.swift */ = {isa = PBXFileReference; lastKnownFileType = sourcecode.swift; path = ViewController.swift; sourceTree = "<group>"; };
		8847C31625A4357600BE8FAE /* Base */ = {isa = PBXFileReference; lastKnownFileType = file.storyboard; name = Base; path = Base.lproj/Main.storyboard; sourceTree = "<group>"; };
		8847C31825A4357800BE8FAE /* Assets.xcassets */ = {isa = PBXFileReference; lastKnownFileType = folder.assetcatalog; path = Assets.xcassets; sourceTree = "<group>"; };
		8847C31B25A4357800BE8FAE /* Base */ = {isa = PBXFileReference; lastKnownFileType = file.storyboard; name = Base; path = Base.lproj/LaunchScreen.storyboard; sourceTree = "<group>"; };
		8847C31D25A4357800BE8FAE /* Info.plist */ = {isa = PBXFileReference; lastKnownFileType = text.plist.xml; path = Info.plist; sourceTree = "<group>"; };
		8847C32225A4357800BE8FAE /* CoordinatorTestTests.xctest */ = {isa = PBXFileReference; explicitFileType = wrapper.cfbundle; includeInIndex = 0; path = CoordinatorTestTests.xctest; sourceTree = BUILT_PRODUCTS_DIR; };
		8847C32625A4357800BE8FAE /* CoordinatorTestTests.swift */ = {isa = PBXFileReference; lastKnownFileType = sourcecode.swift; path = CoordinatorTestTests.swift; sourceTree = "<group>"; };
		8847C32825A4357800BE8FAE /* Info.plist */ = {isa = PBXFileReference; lastKnownFileType = text.plist.xml; path = Info.plist; sourceTree = "<group>"; };
		8847C32D25A4357800BE8FAE /* CoordinatorTestUITests.xctest */ = {isa = PBXFileReference; explicitFileType = wrapper.cfbundle; includeInIndex = 0; path = CoordinatorTestUITests.xctest; sourceTree = BUILT_PRODUCTS_DIR; };
		8847C33125A4357800BE8FAE /* CoordinatorTestUITests.swift */ = {isa = PBXFileReference; lastKnownFileType = sourcecode.swift; path = CoordinatorTestUITests.swift; sourceTree = "<group>"; };
		8847C33325A4357800BE8FAE /* Info.plist */ = {isa = PBXFileReference; lastKnownFileType = text.plist.xml; path = Info.plist; sourceTree = "<group>"; };
		8847C34225A435CC00BE8FAE /* Coordinator.swift */ = {isa = PBXFileReference; lastKnownFileType = sourcecode.swift; path = Coordinator.swift; sourceTree = "<group>"; };
		8847C34725A435F000BE8FAE /* Storyboarded.swift */ = {isa = PBXFileReference; lastKnownFileType = sourcecode.swift; path = Storyboarded.swift; sourceTree = "<group>"; };
		8847C35D25A437BC00BE8FAE /* MainCoordinator.swift */ = {isa = PBXFileReference; lastKnownFileType = sourcecode.swift; path = MainCoordinator.swift; sourceTree = "<group>"; };
		8847C36225A4395100BE8FAE /* BuyViewController.swift */ = {isa = PBXFileReference; lastKnownFileType = sourcecode.swift; path = BuyViewController.swift; sourceTree = "<group>"; };
		8847C36725A4395F00BE8FAE /* CreateAccountViewController.swift */ = {isa = PBXFileReference; lastKnownFileType = sourcecode.swift; path = CreateAccountViewController.swift; sourceTree = "<group>"; };
/* End PBXFileReference section */

/* Begin PBXFrameworksBuildPhase section */
		8847C30925A4357600BE8FAE /* Frameworks */ = {
			isa = PBXFrameworksBuildPhase;
			buildActionMask = 2147483647;
			files = (
			);
			runOnlyForDeploymentPostprocessing = 0;
		};
		8847C31F25A4357800BE8FAE /* Frameworks */ = {
			isa = PBXFrameworksBuildPhase;
			buildActionMask = 2147483647;
			files = (
			);
			runOnlyForDeploymentPostprocessing = 0;
		};
		8847C32A25A4357800BE8FAE /* Frameworks */ = {
			isa = PBXFrameworksBuildPhase;
			buildActionMask = 2147483647;
			files = (
			);
			runOnlyForDeploymentPostprocessing = 0;
		};
/* End PBXFrameworksBuildPhase section */

/* Begin PBXGroup section */
		8847C30325A4357600BE8FAE = {
			isa = PBXGroup;
			children = (
				8847C30E25A4357600BE8FAE /* CoordinatorTest */,
				8847C32525A4357800BE8FAE /* CoordinatorTestTests */,
				8847C33025A4357800BE8FAE /* CoordinatorTestUITests */,
				8847C30D25A4357600BE8FAE /* Products */,
			);
			sourceTree = "<group>";
		};
		8847C30D25A4357600BE8FAE /* Products */ = {
			isa = PBXGroup;
			children = (
				8847C30C25A4357600BE8FAE /* CoordinatorTest.app */,
				8847C32225A4357800BE8FAE /* CoordinatorTestTests.xctest */,
				8847C32D25A4357800BE8FAE /* CoordinatorTestUITests.xctest */,
			);
			name = Products;
			sourceTree = "<group>";
		};
		8847C30E25A4357600BE8FAE /* CoordinatorTest */ = {
			isa = PBXGroup;
			children = (
				8847C35D25A437BC00BE8FAE /* MainCoordinator.swift */,
				8847C34225A435CC00BE8FAE /* Coordinator.swift */,
				8847C34725A435F000BE8FAE /* Storyboarded.swift */,
				8847C31525A4357600BE8FAE /* Main.storyboard */,
				8847C36225A4395100BE8FAE /* BuyViewController.swift */,
				8847C36725A4395F00BE8FAE /* CreateAccountViewController.swift */,
				8847C31325A4357600BE8FAE /* ViewController.swift */,
				8847C30F25A4357600BE8FAE /* AppDelegate.swift */,
				8847C31125A4357600BE8FAE /* SceneDelegate.swift */,
				8847C31825A4357800BE8FAE /* Assets.xcassets */,
				8847C31A25A4357800BE8FAE /* LaunchScreen.storyboard */,
				8847C31D25A4357800BE8FAE /* Info.plist */,
			);
			path = CoordinatorTest;
			sourceTree = "<group>";
		};
		8847C32525A4357800BE8FAE /* CoordinatorTestTests */ = {
			isa = PBXGroup;
			children = (
				8847C32625A4357800BE8FAE /* CoordinatorTestTests.swift */,
				8847C32825A4357800BE8FAE /* Info.plist */,
			);
			path = CoordinatorTestTests;
			sourceTree = "<group>";
		};
		8847C33025A4357800BE8FAE /* CoordinatorTestUITests */ = {
			isa = PBXGroup;
			children = (
				8847C33125A4357800BE8FAE /* CoordinatorTestUITests.swift */,
				8847C33325A4357800BE8FAE /* Info.plist */,
			);
			path = CoordinatorTestUITests;
			sourceTree = "<group>";
		};
/* End PBXGroup section */

/* Begin PBXNativeTarget section */
		8847C30B25A4357600BE8FAE /* CoordinatorTest */ = {
			isa = PBXNativeTarget;
			buildConfigurationList = 8847C33625A4357800BE8FAE /* Build configuration list for PBXNativeTarget "CoordinatorTest" */;
			buildPhases = (
				8847C30825A4357600BE8FAE /* Sources */,
				8847C30925A4357600BE8FAE /* Frameworks */,
				8847C30A25A4357600BE8FAE /* Resources */,
			);
			buildRules = (
			);
			dependencies = (
			);
			name = CoordinatorTest;
			productName = CoordinatorTest;
			productReference = 8847C30C25A4357600BE8FAE /* CoordinatorTest.app */;
			productType = "com.apple.product-type.application";
		};
		8847C32125A4357800BE8FAE /* CoordinatorTestTests */ = {
			isa = PBXNativeTarget;
			buildConfigurationList = 8847C33925A4357800BE8FAE /* Build configuration list for PBXNativeTarget "CoordinatorTestTests" */;
			buildPhases = (
				8847C31E25A4357800BE8FAE /* Sources */,
				8847C31F25A4357800BE8FAE /* Frameworks */,
				8847C32025A4357800BE8FAE /* Resources */,
			);
			buildRules = (
			);
			dependencies = (
				8847C32425A4357800BE8FAE /* PBXTargetDependency */,
			);
			name = CoordinatorTestTests;
			productName = CoordinatorTestTests;
			productReference = 8847C32225A4357800BE8FAE /* CoordinatorTestTests.xctest */;
			productType = "com.apple.product-type.bundle.unit-test";
		};
		8847C32C25A4357800BE8FAE /* CoordinatorTestUITests */ = {
			isa = PBXNativeTarget;
			buildConfigurationList = 8847C33C25A4357800BE8FAE /* Build configuration list for PBXNativeTarget "CoordinatorTestUITests" */;
			buildPhases = (
				8847C32925A4357800BE8FAE /* Sources */,
				8847C32A25A4357800BE8FAE /* Frameworks */,
				8847C32B25A4357800BE8FAE /* Resources */,
			);
			buildRules = (
			);
			dependencies = (
				8847C32F25A4357800BE8FAE /* PBXTargetDependency */,
			);
			name = CoordinatorTestUITests;
			productName = CoordinatorTestUITests;
			productReference = 8847C32D25A4357800BE8FAE /* CoordinatorTestUITests.xctest */;
			productType = "com.apple.product-type.bundle.ui-testing";
		};
/* End PBXNativeTarget section */

/* Begin PBXProject section */
		8847C30425A4357600BE8FAE /* Project object */ = {
			isa = PBXProject;
			attributes = {
				LastSwiftUpdateCheck = 1220;
				LastUpgradeCheck = 1220;
				TargetAttributes = {
					8847C30B25A4357600BE8FAE = {
						CreatedOnToolsVersion = 12.2;
					};
					8847C32125A4357800BE8FAE = {
						CreatedOnToolsVersion = 12.2;
						TestTargetID = 8847C30B25A4357600BE8FAE;
					};
					8847C32C25A4357800BE8FAE = {
						CreatedOnToolsVersion = 12.2;
						TestTargetID = 8847C30B25A4357600BE8FAE;
					};
				};
			};
			buildConfigurationList = 8847C30725A4357600BE8FAE /* Build configuration list for PBXProject "CoordinatorTest" */;
			compatibilityVersion = "Xcode 9.3";
			developmentRegion = en;
			hasScannedForEncodings = 0;
			knownRegions = (
				en,
				Base,
			);
			mainGroup = 8847C30325A4357600BE8FAE;
			productRefGroup = 8847C30D25A4357600BE8FAE /* Products */;
			projectDirPath = "";
			projectRoot = "";
			targets = (
				8847C30B25A4357600BE8FAE /* CoordinatorTest */,
				8847C32125A4357800BE8FAE /* CoordinatorTestTests */,
				8847C32C25A4357800BE8FAE /* CoordinatorTestUITests */,
			);
		};
/* End PBXProject section */

/* Begin PBXResourcesBuildPhase section */
		8847C30A25A4357600BE8FAE /* Resources */ = {
			isa = PBXResourcesBuildPhase;
			buildActionMask = 2147483647;
			files = (
				8847C31C25A4357800BE8FAE /* LaunchScreen.storyboard in Resources */,
				8847C31925A4357800BE8FAE /* Assets.xcassets in Resources */,
				8847C31725A4357600BE8FAE /* Main.storyboard in Resources */,
			);
			runOnlyForDeploymentPostprocessing = 0;
		};
		8847C32025A4357800BE8FAE /* Resources */ = {
			isa = PBXResourcesBuildPhase;
			buildActionMask = 2147483647;
			files = (
			);
			runOnlyForDeploymentPostprocessing = 0;
		};
		8847C32B25A4357800BE8FAE /* Resources */ = {
			isa = PBXResourcesBuildPhase;
			buildActionMask = 2147483647;
			files = (
			);
			runOnlyForDeploymentPostprocessing = 0;
		};
/* End PBXResourcesBuildPhase section */

/* Begin PBXSourcesBuildPhase section */
		8847C30825A4357600BE8FAE /* Sources */ = {
			isa = PBXSourcesBuildPhase;
			buildActionMask = 2147483647;
			files = (
				8847C34325A435CC00BE8FAE /* Coordinator.swift in Sources */,
				8847C35E25A437BC00BE8FAE /* MainCoordinator.swift in Sources */,
				8847C31425A4357600BE8FAE /* ViewController.swift in Sources */,
				8847C34825A435F000BE8FAE /* Storyboarded.swift in Sources */,
				8847C36825A4395F00BE8FAE /* CreateAccountViewController.swift in Sources */,
				8847C31025A4357600BE8FAE /* AppDelegate.swift in Sources */,
				8847C36325A4395100BE8FAE /* BuyViewController.swift in Sources */,
				8847C31225A4357600BE8FAE /* SceneDelegate.swift in Sources */,
			);
			runOnlyForDeploymentPostprocessing = 0;
		};
		8847C31E25A4357800BE8FAE /* Sources */ = {
			isa = PBXSourcesBuildPhase;
			buildActionMask = 2147483647;
			files = (
				8847C32725A4357800BE8FAE /* CoordinatorTestTests.swift in Sources */,
			);
			runOnlyForDeploymentPostprocessing = 0;
		};
		8847C32925A4357800BE8FAE /* Sources */ = {
			isa = PBXSourcesBuildPhase;
			buildActionMask = 2147483647;
			files = (
				8847C33225A4357800BE8FAE /* CoordinatorTestUITests.swift in Sources */,
			);
			runOnlyForDeploymentPostprocessing = 0;
		};
/* End PBXSourcesBuildPhase section */

/* Begin PBXTargetDependency section */
		8847C32425A4357800BE8FAE /* PBXTargetDependency */ = {
			isa = PBXTargetDependency;
			target = 8847C30B25A4357600BE8FAE /* CoordinatorTest */;
			targetProxy = 8847C32325A4357800BE8FAE /* PBXContainerItemProxy */;
		};
		8847C32F25A4357800BE8FAE /* PBXTargetDependency */ = {
			isa = PBXTargetDependency;
			target = 8847C30B25A4357600BE8FAE /* CoordinatorTest */;
			targetProxy = 8847C32E25A4357800BE8FAE /* PBXContainerItemProxy */;
		};
/* End PBXTargetDependency section */

/* Begin PBXVariantGroup section */
		8847C31525A4357600BE8FAE /* Main.storyboard */ = {
			isa = PBXVariantGroup;
			children = (
				8847C31625A4357600BE8FAE /* Base */,
			);
			name = Main.storyboard;
			sourceTree = "<group>";
		};
		8847C31A25A4357800BE8FAE /* LaunchScreen.storyboard */ = {
			isa = PBXVariantGroup;
			children = (
				8847C31B25A4357800BE8FAE /* Base */,
			);
			name = LaunchScreen.storyboard;
			sourceTree = "<group>";
		};
/* End PBXVariantGroup section */

/* Begin XCBuildConfiguration section */
		8847C33425A4357800BE8FAE /* Debug */ = {
			isa = XCBuildConfiguration;
			buildSettings = {
				ALWAYS_SEARCH_USER_PATHS = NO;
				CLANG_ANALYZER_NONNULL = YES;
				CLANG_ANALYZER_NUMBER_OBJECT_CONVERSION = YES_AGGRESSIVE;
				CLANG_CXX_LANGUAGE_STANDARD = "gnu++14";
				CLANG_CXX_LIBRARY = "libc++";
				CLANG_ENABLE_MODULES = YES;
				CLANG_ENABLE_OBJC_ARC = YES;
				CLANG_ENABLE_OBJC_WEAK = YES;
				CLANG_WARN_BLOCK_CAPTURE_AUTORELEASING = YES;
				CLANG_WARN_BOOL_CONVERSION = YES;
				CLANG_WARN_COMMA = YES;
				CLANG_WARN_CONSTANT_CONVERSION = YES;
				CLANG_WARN_DEPRECATED_OBJC_IMPLEMENTATIONS = YES;
				CLANG_WARN_DIRECT_OBJC_ISA_USAGE = YES_ERROR;
				CLANG_WARN_DOCUMENTATION_COMMENTS = YES;
				CLANG_WARN_EMPTY_BODY = YES;
				CLANG_WARN_ENUM_CONVERSION = YES;
				CLANG_WARN_INFINITE_RECURSION = YES;
				CLANG_WARN_INT_CONVERSION = YES;
				CLANG_WARN_NON_LITERAL_NULL_CONVERSION = YES;
				CLANG_WARN_OBJC_IMPLICIT_RETAIN_SELF = YES;
				CLANG_WARN_OBJC_LITERAL_CONVERSION = YES;
				CLANG_WARN_OBJC_ROOT_CLASS = YES_ERROR;
				CLANG_WARN_QUOTED_INCLUDE_IN_FRAMEWORK_HEADER = YES;
				CLANG_WARN_RANGE_LOOP_ANALYSIS = YES;
				CLANG_WARN_STRICT_PROTOTYPES = YES;
				CLANG_WARN_SUSPICIOUS_MOVE = YES;
				CLANG_WARN_UNGUARDED_AVAILABILITY = YES_AGGRESSIVE;
				CLANG_WARN_UNREACHABLE_CODE = YES;
				CLANG_WARN__DUPLICATE_METHOD_MATCH = YES;
				COPY_PHASE_STRIP = NO;
				DEBUG_INFORMATION_FORMAT = dwarf;
				ENABLE_STRICT_OBJC_MSGSEND = YES;
				ENABLE_TESTABILITY = YES;
				GCC_C_LANGUAGE_STANDARD = gnu11;
				GCC_DYNAMIC_NO_PIC = NO;
				GCC_NO_COMMON_BLOCKS = YES;
				GCC_OPTIMIZATION_LEVEL = 0;
				GCC_PREPROCESSOR_DEFINITIONS = (
					"DEBUG=1",
					"$(inherited)",
				);
				GCC_WARN_64_TO_32_BIT_CONVERSION = YES;
				GCC_WARN_ABOUT_RETURN_TYPE = YES_ERROR;
				GCC_WARN_UNDECLARED_SELECTOR = YES;
				GCC_WARN_UNINITIALIZED_AUTOS = YES_AGGRESSIVE;
				GCC_WARN_UNUSED_FUNCTION = YES;
				GCC_WARN_UNUSED_VARIABLE = YES;
				IPHONEOS_DEPLOYMENT_TARGET = 14.2;
				MTL_ENABLE_DEBUG_INFO = INCLUDE_SOURCE;
				MTL_FAST_MATH = YES;
				ONLY_ACTIVE_ARCH = YES;
				SDKROOT = iphoneos;
				SWIFT_ACTIVE_COMPILATION_CONDITIONS = DEBUG;
				SWIFT_OPTIMIZATION_LEVEL = "-Onone";
			};
			name = Debug;
		};
		8847C33525A4357800BE8FAE /* Release */ = {
			isa = XCBuildConfiguration;
			buildSettings = {
				ALWAYS_SEARCH_USER_PATHS = NO;
				CLANG_ANALYZER_NONNULL = YES;
				CLANG_ANALYZER_NUMBER_OBJECT_CONVERSION = YES_AGGRESSIVE;
				CLANG_CXX_LANGUAGE_STANDARD = "gnu++14";
				CLANG_CXX_LIBRARY = "libc++";
				CLANG_ENABLE_MODULES = YES;
				CLANG_ENABLE_OBJC_ARC = YES;
				CLANG_ENABLE_OBJC_WEAK = YES;
				CLANG_WARN_BLOCK_CAPTURE_AUTORELEASING = YES;
				CLANG_WARN_BOOL_CONVERSION = YES;
				CLANG_WARN_COMMA = YES;
				CLANG_WARN_CONSTANT_CONVERSION = YES;
				CLANG_WARN_DEPRECATED_OBJC_IMPLEMENTATIONS = YES;
				CLANG_WARN_DIRECT_OBJC_ISA_USAGE = YES_ERROR;
				CLANG_WARN_DOCUMENTATION_COMMENTS = YES;
				CLANG_WARN_EMPTY_BODY = YES;
				CLANG_WARN_ENUM_CONVERSION = YES;
				CLANG_WARN_INFINITE_RECURSION = YES;
				CLANG_WARN_INT_CONVERSION = YES;
				CLANG_WARN_NON_LITERAL_NULL_CONVERSION = YES;
				CLANG_WARN_OBJC_IMPLICIT_RETAIN_SELF = YES;
				CLANG_WARN_OBJC_LITERAL_CONVERSION = YES;
				CLANG_WARN_OBJC_ROOT_CLASS = YES_ERROR;
				CLANG_WARN_QUOTED_INCLUDE_IN_FRAMEWORK_HEADER = YES;
				CLANG_WARN_RANGE_LOOP_ANALYSIS = YES;
				CLANG_WARN_STRICT_PROTOTYPES = YES;
				CLANG_WARN_SUSPICIOUS_MOVE = YES;
				CLANG_WARN_UNGUARDED_AVAILABILITY = YES_AGGRESSIVE;
				CLANG_WARN_UNREACHABLE_CODE = YES;
				CLANG_WARN__DUPLICATE_METHOD_MATCH = YES;
				COPY_PHASE_STRIP = NO;
				DEBUG_INFORMATION_FORMAT = "dwarf-with-dsym";
				ENABLE_NS_ASSERTIONS = NO;
				ENABLE_STRICT_OBJC_MSGSEND = YES;
				GCC_C_LANGUAGE_STANDARD = gnu11;
				GCC_NO_COMMON_BLOCKS = YES;
				GCC_WARN_64_TO_32_BIT_CONVERSION = YES;
				GCC_WARN_ABOUT_RETURN_TYPE = YES_ERROR;
				GCC_WARN_UNDECLARED_SELECTOR = YES;
				GCC_WARN_UNINITIALIZED_AUTOS = YES_AGGRESSIVE;
				GCC_WARN_UNUSED_FUNCTION = YES;
				GCC_WARN_UNUSED_VARIABLE = YES;
				IPHONEOS_DEPLOYMENT_TARGET = 14.2;
				MTL_ENABLE_DEBUG_INFO = NO;
				MTL_FAST_MATH = YES;
				SDKROOT = iphoneos;
				SWIFT_COMPILATION_MODE = wholemodule;
				SWIFT_OPTIMIZATION_LEVEL = "-O";
				VALIDATE_PRODUCT = YES;
			};
			name = Release;
		};
		8847C33725A4357800BE8FAE /* Debug */ = {
			isa = XCBuildConfiguration;
			buildSettings = {
				ASSETCATALOG_COMPILER_APPICON_NAME = AppIcon;
				ASSETCATALOG_COMPILER_GLOBAL_ACCENT_COLOR_NAME = AccentColor;
				CODE_SIGN_STYLE = Automatic;
				INFOPLIST_FILE = CoordinatorTest/Info.plist;
				LD_RUNPATH_SEARCH_PATHS = (
					"$(inherited)",
					"@executable_path/Frameworks",
				);
				PRODUCT_BUNDLE_IDENTIFIER = com.teamer.CoordinatorTest;
				PRODUCT_NAME = "$(TARGET_NAME)";
				SWIFT_VERSION = 5.0;
				TARGETED_DEVICE_FAMILY = "1,2";
			};
			name = Debug;
		};
		8847C33825A4357800BE8FAE /* Release */ = {
			isa = XCBuildConfiguration;
			buildSettings = {
				ASSETCATALOG_COMPILER_APPICON_NAME = AppIcon;
				ASSETCATALOG_COMPILER_GLOBAL_ACCENT_COLOR_NAME = AccentColor;
				CODE_SIGN_STYLE = Automatic;
				INFOPLIST_FILE = CoordinatorTest/Info.plist;
				LD_RUNPATH_SEARCH_PATHS = (
					"$(inherited)",
					"@executable_path/Frameworks",
				);
				PRODUCT_BUNDLE_IDENTIFIER = com.teamer.CoordinatorTest;
				PRODUCT_NAME = "$(TARGET_NAME)";
				SWIFT_VERSION = 5.0;
				TARGETED_DEVICE_FAMILY = "1,2";
			};
			name = Release;
		};
		8847C33A25A4357800BE8FAE /* Debug */ = {
			isa = XCBuildConfiguration;
			buildSettings = {
				ALWAYS_EMBED_SWIFT_STANDARD_LIBRARIES = YES;
				BUNDLE_LOADER = "$(TEST_HOST)";
				CODE_SIGN_STYLE = Automatic;
				INFOPLIST_FILE = CoordinatorTestTests/Info.plist;
				IPHONEOS_DEPLOYMENT_TARGET = 14.2;
				LD_RUNPATH_SEARCH_PATHS = (
					"$(inherited)",
					"@executable_path/Frameworks",
					"@loader_path/Frameworks",
				);
				PRODUCT_BUNDLE_IDENTIFIER = com.teamer.CoordinatorTestTests;
				PRODUCT_NAME = "$(TARGET_NAME)";
				SWIFT_VERSION = 5.0;
				TARGETED_DEVICE_FAMILY = "1,2";
				TEST_HOST = "$(BUILT_PRODUCTS_DIR)/CoordinatorTest.app/CoordinatorTest";
			};
			name = Debug;
		};
		8847C33B25A4357800BE8FAE /* Release */ = {
			isa = XCBuildConfiguration;
			buildSettings = {
				ALWAYS_EMBED_SWIFT_STANDARD_LIBRARIES = YES;
				BUNDLE_LOADER = "$(TEST_HOST)";
				CODE_SIGN_STYLE = Automatic;
				INFOPLIST_FILE = CoordinatorTestTests/Info.plist;
				IPHONEOS_DEPLOYMENT_TARGET = 14.2;
				LD_RUNPATH_SEARCH_PATHS = (
					"$(inherited)",
					"@executable_path/Frameworks",
					"@loader_path/Frameworks",
				);
				PRODUCT_BUNDLE_IDENTIFIER = com.teamer.CoordinatorTestTests;
				PRODUCT_NAME = "$(TARGET_NAME)";
				SWIFT_VERSION = 5.0;
				TARGETED_DEVICE_FAMILY = "1,2";
				TEST_HOST = "$(BUILT_PRODUCTS_DIR)/CoordinatorTest.app/CoordinatorTest";
			};
			name = Release;
		};
		8847C33D25A4357800BE8FAE /* Debug */ = {
			isa = XCBuildConfiguration;
			buildSettings = {
				ALWAYS_EMBED_SWIFT_STANDARD_LIBRARIES = YES;
				CODE_SIGN_STYLE = Automatic;
				INFOPLIST_FILE = CoordinatorTestUITests/Info.plist;
				LD_RUNPATH_SEARCH_PATHS = (
					"$(inherited)",
					"@executable_path/Frameworks",
					"@loader_path/Frameworks",
				);
				PRODUCT_BUNDLE_IDENTIFIER = com.teamer.CoordinatorTestUITests;
				PRODUCT_NAME = "$(TARGET_NAME)";
				SWIFT_VERSION = 5.0;
				TARGETED_DEVICE_FAMILY = "1,2";
				TEST_TARGET_NAME = CoordinatorTest;
			};
			name = Debug;
		};
		8847C33E25A4357800BE8FAE /* Release */ = {
			isa = XCBuildConfiguration;
			buildSettings = {
				ALWAYS_EMBED_SWIFT_STANDARD_LIBRARIES = YES;
				CODE_SIGN_STYLE = Automatic;
				INFOPLIST_FILE = CoordinatorTestUITests/Info.plist;
				LD_RUNPATH_SEARCH_PATHS = (
					"$(inherited)",
					"@executable_path/Frameworks",
					"@loader_path/Frameworks",
				);
				PRODUCT_BUNDLE_IDENTIFIER = com.teamer.CoordinatorTestUITests;
				PRODUCT_NAME = "$(TARGET_NAME)";
				SWIFT_VERSION = 5.0;
				TARGETED_DEVICE_FAMILY = "1,2";
				TEST_TARGET_NAME = CoordinatorTest;
			};
			name = Release;
		};
/* End XCBuildConfiguration section */

/* Begin XCConfigurationList section */
		8847C30725A4357600BE8FAE /* Build configuration list for PBXProject "CoordinatorTest" */ = {
			isa = XCConfigurationList;
			buildConfigurations = (
				8847C33425A4357800BE8FAE /* Debug */,
				8847C33525A4357800BE8FAE /* Release */,
			);
			defaultConfigurationIsVisible = 0;
			defaultConfigurationName = Release;
		};
		8847C33625A4357800BE8FAE /* Build configuration list for PBXNativeTarget "CoordinatorTest" */ = {
			isa = XCConfigurationList;
			buildConfigurations = (
				8847C33725A4357800BE8FAE /* Debug */,
				8847C33825A4357800BE8FAE /* Release */,
			);
			defaultConfigurationIsVisible = 0;
			defaultConfigurationName = Release;
		};
		8847C33925A4357800BE8FAE /* Build configuration list for PBXNativeTarget "CoordinatorTestTests" */ = {
			isa = XCConfigurationList;
			buildConfigurations = (
				8847C33A25A4357800BE8FAE /* Debug */,
				8847C33B25A4357800BE8FAE /* Release */,
			);
			defaultConfigurationIsVisible = 0;
			defaultConfigurationName = Release;
		};
		8847C33C25A4357800BE8FAE /* Build configuration list for PBXNativeTarget "CoordinatorTestUITests" */ = {
			isa = XCConfigurationList;
			buildConfigurations = (
				8847C33D25A4357800BE8FAE /* Debug */,
				8847C33E25A4357800BE8FAE /* Release */,
			);
			defaultConfigurationIsVisible = 0;
			defaultConfigurationName = Release;
		};
/* End XCConfigurationList section */
	};
	rootObject = 8847C30425A4357600BE8FAE /* Project object */;
}
